
Microsoft Visual Studio Solution File, Format Version 12.00
# Visual Studio Version 17
VisualStudioVersion = 17.14.36915.13 d17.14
MinimumVisualStudioVersion = 10.0.40219.1
Project("{FAE04EC0-301F-11D3-BF4B-00C04F79EFBC}") = "Day_6_Assignment", "Day_6_Assignment\Day_6_Assignment.csproj", "{107CD06D-5D09-4A66-9919-151E7602A53B}"
EndProject
Global
	GlobalSection(SolutionConfigurationPlatforms) = preSolution
		Debug|Any CPU = Debug|Any CPU
		Release|Any CPU = Release|Any CPU
	EndGlobalSection
	GlobalSection(ProjectConfigurationPlatforms) = postSolution
		{107CD06D-5D09-4A66-9919-151E7602A53B}.Debug|Any CPU.ActiveCfg = Debug|Any CPU
		{107CD06D-5D09-4A66-9919-151E7602A53B}.Debug|Any CPU.Build.0 = Debug|Any CPU
		{107CD06D-5D09-4A66-9919-151E7602A53B}.Release|Any CPU.ActiveCfg = Release|Any CPU
		{107CD06D-5D09-4A66-9919-151E7602A53B}.Release|Any CPU.Build.0 = Release|Any CPU
	EndGlobalSection
	GlobalSection(SolutionProperties) = preSolution
		HideSolutionNode = FALSE
	EndGlobalSection
	GlobalSection(ExtensibilityGlobals) = postSolution
		SolutionGuid = {EC882974-8FF8-440D-A60A-03371FE74125}
	EndGlobalSection
EndGlobal
