
Microsoft Visual Studio Solution File, Format Version 12.00
# Visual Studio Version 17
VisualStudioVersion = 17.14.36915.13 d17.14
MinimumVisualStudioVersion = 10.0.40219.1
Project("{FAE04EC0-301F-11D3-BF4B-00C04F79EFBC}") = "BookAPI", "BookAPI\BookAPI.csproj", "{73622EFA-2A6A-4E98-990E-7F11CD0800CB}"
EndProject
Global
	GlobalSection(SolutionConfigurationPlatforms) = preSolution
		Debug|Any CPU = Debug|Any CPU
		Release|Any CPU = Release|Any CPU
	EndGlobalSection
	GlobalSection(ProjectConfigurationPlatforms) = postSolution
		{73622EFA-2A6A-4E98-990E-7F11CD0800CB}.Debug|Any CPU.ActiveCfg = Debug|Any CPU
		{73622EFA-2A6A-4E98-990E-7F11CD0800CB}.Debug|Any CPU.Build.0 = Debug|Any CPU
		{73622EFA-2A6A-4E98-990E-7F11CD0800CB}.Release|Any CPU.ActiveCfg = Release|Any CPU
		{73622EFA-2A6A-4E98-990E-7F11CD0800CB}.Release|Any CPU.Build.0 = Release|Any CPU
	EndGlobalSection
	GlobalSection(SolutionProperties) = preSolution
		HideSolutionNode = FALSE
	EndGlobalSection
	GlobalSection(ExtensibilityGlobals) = postSolution
		SolutionGuid = {6A496A26-7D63-4EFC-9128-090D289E59FA}
	EndGlobalSection
EndGlobal
