
Microsoft Visual Studio Solution File, Format Version 12.00
# Visual Studio Version 17
VisualStudioVersion = 17.14.36915.13 d17.14
MinimumVisualStudioVersion = 10.0.40219.1
Project("{FAE04EC0-301F-11D3-BF4B-00C04F79EFBC}") = "ConsoleApp1", "ConsoleApp1\ConsoleApp1.csproj", "{927A643F-A7AF-40CF-A7D9-C9130233501E}"
EndProject
Global
	GlobalSection(SolutionConfigurationPlatforms) = preSolution
		Debug|Any CPU = Debug|Any CPU
		Release|Any CPU = Release|Any CPU
	EndGlobalSection
	GlobalSection(ProjectConfigurationPlatforms) = postSolution
		{927A643F-A7AF-40CF-A7D9-C9130233501E}.Debug|Any CPU.ActiveCfg = Debug|Any CPU
		{927A643F-A7AF-40CF-A7D9-C9130233501E}.Debug|Any CPU.Build.0 = Debug|Any CPU
		{927A643F-A7AF-40CF-A7D9-C9130233501E}.Release|Any CPU.ActiveCfg = Release|Any CPU
		{927A643F-A7AF-40CF-A7D9-C9130233501E}.Release|Any CPU.Build.0 = Release|Any CPU
	EndGlobalSection
	GlobalSection(SolutionProperties) = preSolution
		HideSolutionNode = FALSE
	EndGlobalSection
	GlobalSection(ExtensibilityGlobals) = postSolution
		SolutionGuid = {C50C55ED-8026-434A-9987-3684BB61B37A}
	EndGlobalSection
EndGlobal
