
Microsoft Visual Studio Solution File, Format Version 12.00
# Visual Studio Version 17
VisualStudioVersion = 17.14.36915.13 d17.14
MinimumVisualStudioVersion = 10.0.40219.1
Project("{FAE04EC0-301F-11D3-BF4B-00C04F79EFBC}") = "TodoAPI", "TodoAPI\TodoAPI.csproj", "{2AF846D2-5468-4F97-B057-F601DE90AD5A}"
EndProject
Global
	GlobalSection(SolutionConfigurationPlatforms) = preSolution
		Debug|Any CPU = Debug|Any CPU
		Release|Any CPU = Release|Any CPU
	EndGlobalSection
	GlobalSection(ProjectConfigurationPlatforms) = postSolution
		{2AF846D2-5468-4F97-B057-F601DE90AD5A}.Debug|Any CPU.ActiveCfg = Debug|Any CPU
		{2AF846D2-5468-4F97-B057-F601DE90AD5A}.Debug|Any CPU.Build.0 = Debug|Any CPU
		{2AF846D2-5468-4F97-B057-F601DE90AD5A}.Release|Any CPU.ActiveCfg = Release|Any CPU
		{2AF846D2-5468-4F97-B057-F601DE90AD5A}.Release|Any CPU.Build.0 = Release|Any CPU
	EndGlobalSection
	GlobalSection(SolutionProperties) = preSolution
		HideSolutionNode = FALSE
	EndGlobalSection
	GlobalSection(ExtensibilityGlobals) = postSolution
		SolutionGuid = {2836A650-12EB-47C1-8078-3015F7B8A552}
	EndGlobalSection
EndGlobal
