
Microsoft Visual Studio Solution File, Format Version 12.00
# Visual Studio Version 17
VisualStudioVersion = 17.14.36915.13 d17.14
MinimumVisualStudioVersion = 10.0.40219.1
Project("{FAE04EC0-301F-11D3-BF4B-00C04F79EFBC}") = "Emp", "Emp\Emp.csproj", "{A433EA4F-9707-48CF-86D8-ACCE2499A886}"
EndProject
Global
	GlobalSection(SolutionConfigurationPlatforms) = preSolution
		Debug|Any CPU = Debug|Any CPU
		Release|Any CPU = Release|Any CPU
	EndGlobalSection
	GlobalSection(ProjectConfigurationPlatforms) = postSolution
		{A433EA4F-9707-48CF-86D8-ACCE2499A886}.Debug|Any CPU.ActiveCfg = Debug|Any CPU
		{A433EA4F-9707-48CF-86D8-ACCE2499A886}.Debug|Any CPU.Build.0 = Debug|Any CPU
		{A433EA4F-9707-48CF-86D8-ACCE2499A886}.Release|Any CPU.ActiveCfg = Release|Any CPU
		{A433EA4F-9707-48CF-86D8-ACCE2499A886}.Release|Any CPU.Build.0 = Release|Any CPU
	EndGlobalSection
	GlobalSection(SolutionProperties) = preSolution
		HideSolutionNode = FALSE
	EndGlobalSection
	GlobalSection(ExtensibilityGlobals) = postSolution
		SolutionGuid = {B9AB06C4-9013-4312-B43A-F2E94A472D59}
	EndGlobalSection
EndGlobal
